
Microsoft Visual Studio Solution File, Format Version 12.00
# Visual Studio Version 16
VisualStudioVersion = 16.0.30204.135
MinimumVisualStudioVersion = 10.0.40219.1
Project("{9A19103F-16F7-4668-BE54-9A1E7A4F7556}") = "EFCore.DAL", "EFCore.DAL\EFCore.DAL.csproj", "{0DBB3EA5-7169-4A66-833F-CA4F14415D6E}"
EndProject
Project("{9A19103F-16F7-4668-BE54-9A1E7A4F7556}") = "EFCore.BLL", "EFCore.BLL\EFCore.BLL.csproj", "{57D8E55E-BEBB-48B1-A8FD-3FF01E1CB20C}"
EndProject
Project("{9A19103F-16F7-4668-BE54-9A1E7A4F7556}") = "EFCore.Entity", "EFCore.Entity\EFCore.Entity.csproj", "{AB442A9D-716B-425F-A77B-92949334C6B2}"
EndProject
Project("{9A19103F-16F7-4668-BE54-9A1E7A4F7556}") = "EFCore.API", "EFCore.API\EFCore.API.csproj", "{F41BDAAF-B88E-4FB4-A5CD-24272512B026}"
EndProject
Project("{9A19103F-16F7-4668-BE54-9A1E7A4F7556}") = "EFCore.Tools", "EFCore.Tools\EFCore.Tools.csproj", "{9B2C185E-0384-4344-9C39-DB7B28FDC1EB}"
EndProject
Project("{9A19103F-16F7-4668-BE54-9A1E7A4F7556}") = "A.StudentMvc", "StudentMvc\A.StudentMvc.csproj", "{15991259-9D25-4D81-A70C-D935B255C27E}"
EndProject
Project("{9A19103F-16F7-4668-BE54-9A1E7A4F7556}") = "A.DLL", "DLL\A.DLL.csproj", "{55E06B44-8274-4E2D-80D5-039FA94E7FD0}"
EndProject
Project("{9A19103F-16F7-4668-BE54-9A1E7A4F7556}") = "A.Repository", "Repository\A.Repository.csproj", "{DDCED422-9ADE-4EC4-91C0-E852F15134FB}"
EndProject
Project("{FAE04EC0-301F-11D3-BF4B-00C04F79EFBC}") = "A.BaseLib", "BaseLib\A.BaseLib.csproj", "{7B3C70EF-E7C2-4D8A-8177-6DCF53A64182}"
EndProject
Project("{FAE04EC0-301F-11D3-BF4B-00C04F79EFBC}") = "A.Entity", "A.Entity\A.Entity.csproj", "{5136E41C-6F67-40F0-B8AC-705B9DD4F6FD}"
EndProject
Global
	GlobalSection(SolutionConfigurationPlatforms) = preSolution
		Debug|Any CPU = Debug|Any CPU
		Release|Any CPU = Release|Any CPU
	EndGlobalSection
	GlobalSection(ProjectConfigurationPlatforms) = postSolution
		{0DBB3EA5-7169-4A66-833F-CA4F14415D6E}.Debug|Any CPU.ActiveCfg = Debug|Any CPU
		{0DBB3EA5-7169-4A66-833F-CA4F14415D6E}.Debug|Any CPU.Build.0 = Debug|Any CPU
		{0DBB3EA5-7169-4A66-833F-CA4F14415D6E}.Release|Any CPU.ActiveCfg = Release|Any CPU
		{0DBB3EA5-7169-4A66-833F-CA4F14415D6E}.Release|Any CPU.Build.0 = Release|Any CPU
		{57D8E55E-BEBB-48B1-A8FD-3FF01E1CB20C}.Debug|Any CPU.ActiveCfg = Debug|Any CPU
		{57D8E55E-BEBB-48B1-A8FD-3FF01E1CB20C}.Debug|Any CPU.Build.0 = Debug|Any CPU
		{57D8E55E-BEBB-48B1-A8FD-3FF01E1CB20C}.Release|Any CPU.ActiveCfg = Release|Any CPU
		{57D8E55E-BEBB-48B1-A8FD-3FF01E1CB20C}.Release|Any CPU.Build.0 = Release|Any CPU
		{AB442A9D-716B-425F-A77B-92949334C6B2}.Debug|Any CPU.ActiveCfg = Debug|Any CPU
		{AB442A9D-716B-425F-A77B-92949334C6B2}.Debug|Any CPU.Build.0 = Debug|Any CPU
		{AB442A9D-716B-425F-A77B-92949334C6B2}.Release|Any CPU.ActiveCfg = Release|Any CPU
		{AB442A9D-716B-425F-A77B-92949334C6B2}.Release|Any CPU.Build.0 = Release|Any CPU
		{F41BDAAF-B88E-4FB4-A5CD-24272512B026}.Debug|Any CPU.ActiveCfg = Debug|Any CPU
		{F41BDAAF-B88E-4FB4-A5CD-24272512B026}.Debug|Any CPU.Build.0 = Debug|Any CPU
		{F41BDAAF-B88E-4FB4-A5CD-24272512B026}.Release|Any CPU.ActiveCfg = Release|Any CPU
		{F41BDAAF-B88E-4FB4-A5CD-24272512B026}.Release|Any CPU.Build.0 = Release|Any CPU
		{9B2C185E-0384-4344-9C39-DB7B28FDC1EB}.Debug|Any CPU.ActiveCfg = Debug|Any CPU
		{9B2C185E-0384-4344-9C39-DB7B28FDC1EB}.Debug|Any CPU.Build.0 = Debug|Any CPU
		{9B2C185E-0384-4344-9C39-DB7B28FDC1EB}.Release|Any CPU.ActiveCfg = Release|Any CPU
		{9B2C185E-0384-4344-9C39-DB7B28FDC1EB}.Release|Any CPU.Build.0 = Release|Any CPU
		{15991259-9D25-4D81-A70C-D935B255C27E}.Debug|Any CPU.ActiveCfg = Debug|Any CPU
		{15991259-9D25-4D81-A70C-D935B255C27E}.Debug|Any CPU.Build.0 = Debug|Any CPU
		{15991259-9D25-4D81-A70C-D935B255C27E}.Release|Any CPU.ActiveCfg = Release|Any CPU
		{15991259-9D25-4D81-A70C-D935B255C27E}.Release|Any CPU.Build.0 = Release|Any CPU
		{55E06B44-8274-4E2D-80D5-039FA94E7FD0}.Debug|Any CPU.ActiveCfg = Debug|Any CPU
		{55E06B44-8274-4E2D-80D5-039FA94E7FD0}.Debug|Any CPU.Build.0 = Debug|Any CPU
		{55E06B44-8274-4E2D-80D5-039FA94E7FD0}.Release|Any CPU.ActiveCfg = Release|Any CPU
		{55E06B44-8274-4E2D-80D5-039FA94E7FD0}.Release|Any CPU.Build.0 = Release|Any CPU
		{DDCED422-9ADE-4EC4-91C0-E852F15134FB}.Debug|Any CPU.ActiveCfg = Debug|Any CPU
		{DDCED422-9ADE-4EC4-91C0-E852F15134FB}.Debug|Any CPU.Build.0 = Debug|Any CPU
		{DDCED422-9ADE-4EC4-91C0-E852F15134FB}.Release|Any CPU.ActiveCfg = Release|Any CPU
		{DDCED422-9ADE-4EC4-91C0-E852F15134FB}.Release|Any CPU.Build.0 = Release|Any CPU
		{7B3C70EF-E7C2-4D8A-8177-6DCF53A64182}.Debug|Any CPU.ActiveCfg = Debug|Any CPU
		{7B3C70EF-E7C2-4D8A-8177-6DCF53A64182}.Debug|Any CPU.Build.0 = Debug|Any CPU
		{7B3C70EF-E7C2-4D8A-8177-6DCF53A64182}.Release|Any CPU.ActiveCfg = Release|Any CPU
		{7B3C70EF-E7C2-4D8A-8177-6DCF53A64182}.Release|Any CPU.Build.0 = Release|Any CPU
		{5136E41C-6F67-40F0-B8AC-705B9DD4F6FD}.Debug|Any CPU.ActiveCfg = Debug|Any CPU
		{5136E41C-6F67-40F0-B8AC-705B9DD4F6FD}.Debug|Any CPU.Build.0 = Debug|Any CPU
		{5136E41C-6F67-40F0-B8AC-705B9DD4F6FD}.Release|Any CPU.ActiveCfg = Release|Any CPU
		{5136E41C-6F67-40F0-B8AC-705B9DD4F6FD}.Release|Any CPU.Build.0 = Release|Any CPU
	EndGlobalSection
	GlobalSection(SolutionProperties) = preSolution
		HideSolutionNode = FALSE
	EndGlobalSection
	GlobalSection(ExtensibilityGlobals) = postSolution
		SolutionGuid = {C6EF3C40-BC01-4C02-A20A-93FB77A505FA}
	EndGlobalSection
EndGlobal
